
Microsoft Visual Studio Solution File, Format Version 12.00
# Visual Studio Version 16
VisualStudioVersion = 16.0.32602.290
MinimumVisualStudioVersion = 10.0.40219.1
Project("{FAE04EC0-301F-11D3-BF4B-00C04F79EFBC}") = "ej2", "ej2.csproj", "{5EC8F122-62DF-4BED-A53F-2748AD1C301D}"
EndProject
Global
	GlobalSection(SolutionConfigurationPlatforms) = preSolution
		Debug|Any CPU = Debug|Any CPU
		Release|Any CPU = Release|Any CPU
	EndGlobalSection
	GlobalSection(ProjectConfigurationPlatforms) = postSolution
		{5EC8F122-62DF-4BED-A53F-2748AD1C301D}.Debug|Any CPU.ActiveCfg = Debug|Any CPU
		{5EC8F122-62DF-4BED-A53F-2748AD1C301D}.Debug|Any CPU.Build.0 = Debug|Any CPU
		{5EC8F122-62DF-4BED-A53F-2748AD1C301D}.Release|Any CPU.ActiveCfg = Release|Any CPU
		{5EC8F122-62DF-4BED-A53F-2748AD1C301D}.Release|Any CPU.Build.0 = Release|Any CPU
	EndGlobalSection
	GlobalSection(SolutionProperties) = preSolution
		HideSolutionNode = FALSE
	EndGlobalSection
	GlobalSection(ExtensibilityGlobals) = postSolution
		SolutionGuid = {DBE374AE-FC32-4BF6-9857-57BE5CA68B1C}
	EndGlobalSection
EndGlobal
